
Microsoft Visual Studio Solution File, Format Version 12.00
# Visual Studio 15
VisualStudioVersion = 15.0.28307.489
MinimumVisualStudioVersion = 10.0.40219.1
Project("{FAE04EC0-301F-11D3-BF4B-00C04F79EFBC}") = "tritab", "tritab\tritab.csproj", "{9B71378D-92A8-42C5-99F0-3CE554A114DA}"
EndProject
Global
	GlobalSection(SolutionConfigurationPlatforms) = preSolution
		Debug|Any CPU = Debug|Any CPU
		Release|Any CPU = Release|Any CPU
	EndGlobalSection
	GlobalSection(ProjectConfigurationPlatforms) = postSolution
		{9B71378D-92A8-42C5-99F0-3CE554A114DA}.Debug|Any CPU.ActiveCfg = Debug|Any CPU
		{9B71378D-92A8-42C5-99F0-3CE554A114DA}.Debug|Any CPU.Build.0 = Debug|Any CPU
		{9B71378D-92A8-42C5-99F0-3CE554A114DA}.Release|Any CPU.ActiveCfg = Release|Any CPU
		{9B71378D-92A8-42C5-99F0-3CE554A114DA}.Release|Any CPU.Build.0 = Release|Any CPU
	EndGlobalSection
	GlobalSection(SolutionProperties) = preSolution
		HideSolutionNode = FALSE
	EndGlobalSection
	GlobalSection(ExtensibilityGlobals) = postSolution
		SolutionGuid = {AFCA9098-5DE2-49BB-AC01-C61BE7E26004}
	EndGlobalSection
EndGlobal
