
Microsoft Visual Studio Solution File, Format Version 12.00
# Visual Studio 15
VisualStudioVersion = 15.0.28307.489
MinimumVisualStudioVersion = 10.0.40219.1
Project("{FAE04EC0-301F-11D3-BF4B-00C04F79EFBC}") = "recherchenombretab", "recherchenombretab\recherchenombretab.csproj", "{D47763B1-2873-478D-8BF2-DD0223A8CDB0}"
EndProject
Global
	GlobalSection(SolutionConfigurationPlatforms) = preSolution
		Debug|Any CPU = Debug|Any CPU
		Release|Any CPU = Release|Any CPU
	EndGlobalSection
	GlobalSection(ProjectConfigurationPlatforms) = postSolution
		{D47763B1-2873-478D-8BF2-DD0223A8CDB0}.Debug|Any CPU.ActiveCfg = Debug|Any CPU
		{D47763B1-2873-478D-8BF2-DD0223A8CDB0}.Debug|Any CPU.Build.0 = Debug|Any CPU
		{D47763B1-2873-478D-8BF2-DD0223A8CDB0}.Release|Any CPU.ActiveCfg = Release|Any CPU
		{D47763B1-2873-478D-8BF2-DD0223A8CDB0}.Release|Any CPU.Build.0 = Release|Any CPU
	EndGlobalSection
	GlobalSection(SolutionProperties) = preSolution
		HideSolutionNode = FALSE
	EndGlobalSection
	GlobalSection(ExtensibilityGlobals) = postSolution
		SolutionGuid = {FF674F9B-AB2E-4669-ACED-03507C64D978}
	EndGlobalSection
EndGlobal
